
Microsoft Visual Studio Solution File, Format Version 12.00
# Visual Studio 15
VisualStudioVersion = 15.0.27703.2042
MinimumVisualStudioVersion = 10.0.40219.1
Project("{FAE04EC0-301F-11D3-BF4B-00C04F79EFBC}") = "StampieAppServer", "StampieAppServer\StampieAppServer.csproj", "{C4F6846E-C54F-4004-98EE-B4E7D2DE5BA5}"
EndProject
Project("{FAE04EC0-301F-11D3-BF4B-00C04F79EFBC}") = "StampieAppServer.Tests", "StampieAppServer.Tests\StampieAppServer.Tests.csproj", "{CC8F63B3-A4BE-473C-A3E9-AD00DE764175}"
EndProject
Global
	GlobalSection(SolutionConfigurationPlatforms) = preSolution
		Debug|Any CPU = Debug|Any CPU
		Release|Any CPU = Release|Any CPU
	EndGlobalSection
	GlobalSection(ProjectConfigurationPlatforms) = postSolution
		{C4F6846E-C54F-4004-98EE-B4E7D2DE5BA5}.Debug|Any CPU.ActiveCfg = Debug|Any CPU
		{C4F6846E-C54F-4004-98EE-B4E7D2DE5BA5}.Debug|Any CPU.Build.0 = Debug|Any CPU
		{C4F6846E-C54F-4004-98EE-B4E7D2DE5BA5}.Release|Any CPU.ActiveCfg = Release|Any CPU
		{C4F6846E-C54F-4004-98EE-B4E7D2DE5BA5}.Release|Any CPU.Build.0 = Release|Any CPU
		{CC8F63B3-A4BE-473C-A3E9-AD00DE764175}.Debug|Any CPU.ActiveCfg = Debug|Any CPU
		{CC8F63B3-A4BE-473C-A3E9-AD00DE764175}.Debug|Any CPU.Build.0 = Debug|Any CPU
		{CC8F63B3-A4BE-473C-A3E9-AD00DE764175}.Release|Any CPU.ActiveCfg = Release|Any CPU
		{CC8F63B3-A4BE-473C-A3E9-AD00DE764175}.Release|Any CPU.Build.0 = Release|Any CPU
	EndGlobalSection
	GlobalSection(SolutionProperties) = preSolution
		HideSolutionNode = FALSE
	EndGlobalSection
	GlobalSection(ExtensibilityGlobals) = postSolution
		SolutionGuid = {50039301-A6B5-46CE-9B32-141424323337}
	EndGlobalSection
EndGlobal
